
Microsoft Visual Studio Solution File, Format Version 12.00
# Visual Studio Version 16
VisualStudioVersion = 16.0.29209.62
MinimumVisualStudioVersion = 10.0.40219.1
Project("{9A19103F-16F7-4668-BE54-9A1E7A4F7556}") = "ASPNETWebServiceCore", "ASPNETWebServiceCore\ASPNETWebServiceCore.csproj", "{B325E5F0-EEF5-4E52-A55E-2AA5F46A5697}"
EndProject
Project("{9A19103F-16F7-4668-BE54-9A1E7A4F7556}") = "WSServer_sample", "..\WSServer_sample\WSServer_sample.csproj", "{2842F9FF-1D21-42AF-BDCE-E8487EECA7C7}"
EndProject
Project("{9A19103F-16F7-4668-BE54-9A1E7A4F7556}") = "WSIFType_sample", "..\WSIFType_sample\WSIFType_sample.csproj", "{44765CFC-87DA-4C30-B84B-3093CA60660E}"
EndProject
Project("{E53339B2-1760-4266-BCC7-CA923CBCF16C}") = "docker-compose", "docker-compose.dcproj", "{C3A67C1B-7EF8-4CFF-9884-4BE82641D151}"
EndProject
Global
	GlobalSection(SolutionConfigurationPlatforms) = preSolution
		Debug|Any CPU = Debug|Any CPU
		Release|Any CPU = Release|Any CPU
	EndGlobalSection
	GlobalSection(ProjectConfigurationPlatforms) = postSolution
		{B325E5F0-EEF5-4E52-A55E-2AA5F46A5697}.Debug|Any CPU.ActiveCfg = Debug|Any CPU
		{B325E5F0-EEF5-4E52-A55E-2AA5F46A5697}.Debug|Any CPU.Build.0 = Debug|Any CPU
		{B325E5F0-EEF5-4E52-A55E-2AA5F46A5697}.Release|Any CPU.ActiveCfg = Release|Any CPU
		{B325E5F0-EEF5-4E52-A55E-2AA5F46A5697}.Release|Any CPU.Build.0 = Release|Any CPU
		{2842F9FF-1D21-42AF-BDCE-E8487EECA7C7}.Debug|Any CPU.ActiveCfg = Debug|Any CPU
		{2842F9FF-1D21-42AF-BDCE-E8487EECA7C7}.Debug|Any CPU.Build.0 = Debug|Any CPU
		{2842F9FF-1D21-42AF-BDCE-E8487EECA7C7}.Release|Any CPU.ActiveCfg = Release|Any CPU
		{2842F9FF-1D21-42AF-BDCE-E8487EECA7C7}.Release|Any CPU.Build.0 = Release|Any CPU
		{44765CFC-87DA-4C30-B84B-3093CA60660E}.Debug|Any CPU.ActiveCfg = Debug|Any CPU
		{44765CFC-87DA-4C30-B84B-3093CA60660E}.Debug|Any CPU.Build.0 = Debug|Any CPU
		{44765CFC-87DA-4C30-B84B-3093CA60660E}.Release|Any CPU.ActiveCfg = Release|Any CPU
		{44765CFC-87DA-4C30-B84B-3093CA60660E}.Release|Any CPU.Build.0 = Release|Any CPU
		{C3A67C1B-7EF8-4CFF-9884-4BE82641D151}.Debug|Any CPU.ActiveCfg = Debug|Any CPU
		{C3A67C1B-7EF8-4CFF-9884-4BE82641D151}.Debug|Any CPU.Build.0 = Debug|Any CPU
		{C3A67C1B-7EF8-4CFF-9884-4BE82641D151}.Release|Any CPU.ActiveCfg = Release|Any CPU
		{C3A67C1B-7EF8-4CFF-9884-4BE82641D151}.Release|Any CPU.Build.0 = Release|Any CPU
	EndGlobalSection
	GlobalSection(SolutionProperties) = preSolution
		HideSolutionNode = FALSE
	EndGlobalSection
	GlobalSection(ExtensibilityGlobals) = postSolution
		SolutionGuid = {3DC00DE5-BB95-47DA-8FBE-BBEEF24C887D}
	EndGlobalSection
EndGlobal
